
Microsoft Visual Studio Solution File, Format Version 12.00
# Visual Studio Version 17
VisualStudioVersion = 17.8.34330.188
MinimumVisualStudioVersion = 10.0.40219.1
Project("{FAE04EC0-301F-11D3-BF4B-00C04F79EFBC}") = "ItsAnotherBot", "ItsAnotherBot\ItsAnotherBot.csproj", "{709975BE-A397-46D8-B314-1C5AD3470EC4}"
EndProject
Global
	GlobalSection(SolutionConfigurationPlatforms) = preSolution
		Debug|Any CPU = Debug|Any CPU
		Release|Any CPU = Release|Any CPU
	EndGlobalSection
	GlobalSection(ProjectConfigurationPlatforms) = postSolution
		{709975BE-A397-46D8-B314-1C5AD3470EC4}.Debug|Any CPU.ActiveCfg = Debug|Any CPU
		{709975BE-A397-46D8-B314-1C5AD3470EC4}.Debug|Any CPU.Build.0 = Debug|Any CPU
		{709975BE-A397-46D8-B314-1C5AD3470EC4}.Release|Any CPU.ActiveCfg = Release|Any CPU
		{709975BE-A397-46D8-B314-1C5AD3470EC4}.Release|Any CPU.Build.0 = Release|Any CPU
	EndGlobalSection
	GlobalSection(SolutionProperties) = preSolution
		HideSolutionNode = FALSE
	EndGlobalSection
	GlobalSection(ExtensibilityGlobals) = postSolution
		SolutionGuid = {D1A7E32F-ABC2-4BB8-BA16-FF597B97B67A}
	EndGlobalSection
EndGlobal
